Microsoft Visual Studio Solution File, Format Version 12.00
# Visual Studio Version 17
VisualStudioVersion = 17.14.36203.30
MinimumVisualStudioVersion = 10.0.40219.1
Project("{FAE04EC0-301F-11D3-BF4B-00C04F79EFBC}") = "PQToolBoxCore", "PQToolBoxCore.csproj", "{19D990DB-C4FD-DAA2-7209-D99E975A7689}"
EndProject
Global
	GlobalSection(SolutionConfigurationPlatforms) = preSolution
		Debug|Any CPU = Debug|Any CPU
		Release|Any CPU = Release|Any CPU
	EndGlobalSection
	GlobalSection(ProjectConfigurationPlatforms) = postSolution
		{19D990DB-C4FD-DAA2-7209-D99E975A7689}.Debug|Any CPU.ActiveCfg = Debug|Any CPU
		{19D990DB-C4FD-DAA2-7209-D99E975A7689}.Debug|Any CPU.Build.0 = Debug|Any CPU
		{19D990DB-C4FD-DAA2-7209-D99E975A7689}.Release|Any CPU.ActiveCfg = Release|Any CPU
		{19D990DB-C4FD-DAA2-7209-D99E975A7689}.Release|Any CPU.Build.0 = Release|Any CPU
	EndGlobalSection
	GlobalSection(SolutionProperties) = preSolution
		HideSolutionNode = FALSE
	EndGlobalSection
	GlobalSection(ExtensibilityGlobals) = postSolution
		SolutionGuid = {8BF4AB9F-811E-4545-A124-B3DC43DEFCBD}
	EndGlobalSection
EndGlobal
